
Microsoft Visual Studio Solution File, Format Version 12.00
# Visual Studio Version 16
VisualStudioVersion = 16.0.32929.386
MinimumVisualStudioVersion = 10.0.40219.1
Project("{9A19103F-16F7-4668-BE54-9A1E7A4F7556}") = "09-AulaNelio", "09-AulaNelio.csproj", "{C4E4954D-D683-45E6-A36F-A7973B28AA8A}"
EndProject
Project("{9A19103F-16F7-4668-BE54-9A1E7A4F7556}") = "FuncionarioControle", "..\FuncionarioControle\FuncionarioControle.csproj", "{1CD0E734-9522-48BB-B205-206FE3F5578B}"
EndProject
Project("{FAE04EC0-301F-11D3-BF4B-00C04F79EFBC}") = "Stringbuilder", "..\StringBuilder\Stringbuilder.csproj", "{23CE46A4-1658-48E1-9C8F-C88F4379B70A}"
EndProject
Project("{FAE04EC0-301F-11D3-BF4B-00C04F79EFBC}") = "VendasExercicioProposto", "..\VendasExercicioProposto\VendasExercicioProposto.csproj", "{8A166D36-1FB8-49C6-9787-1A2631C38DA0}"
EndProject
Global
	GlobalSection(SolutionConfigurationPlatforms) = preSolution
		Debug|Any CPU = Debug|Any CPU
		Release|Any CPU = Release|Any CPU
	EndGlobalSection
	GlobalSection(ProjectConfigurationPlatforms) = postSolution
		{C4E4954D-D683-45E6-A36F-A7973B28AA8A}.Debug|Any CPU.ActiveCfg = Debug|Any CPU
		{C4E4954D-D683-45E6-A36F-A7973B28AA8A}.Debug|Any CPU.Build.0 = Debug|Any CPU
		{C4E4954D-D683-45E6-A36F-A7973B28AA8A}.Release|Any CPU.ActiveCfg = Release|Any CPU
		{C4E4954D-D683-45E6-A36F-A7973B28AA8A}.Release|Any CPU.Build.0 = Release|Any CPU
		{1CD0E734-9522-48BB-B205-206FE3F5578B}.Debug|Any CPU.ActiveCfg = Debug|Any CPU
		{1CD0E734-9522-48BB-B205-206FE3F5578B}.Debug|Any CPU.Build.0 = Debug|Any CPU
		{1CD0E734-9522-48BB-B205-206FE3F5578B}.Release|Any CPU.ActiveCfg = Release|Any CPU
		{1CD0E734-9522-48BB-B205-206FE3F5578B}.Release|Any CPU.Build.0 = Release|Any CPU
		{23CE46A4-1658-48E1-9C8F-C88F4379B70A}.Debug|Any CPU.ActiveCfg = Debug|Any CPU
		{23CE46A4-1658-48E1-9C8F-C88F4379B70A}.Debug|Any CPU.Build.0 = Debug|Any CPU
		{23CE46A4-1658-48E1-9C8F-C88F4379B70A}.Release|Any CPU.ActiveCfg = Release|Any CPU
		{23CE46A4-1658-48E1-9C8F-C88F4379B70A}.Release|Any CPU.Build.0 = Release|Any CPU
		{8A166D36-1FB8-49C6-9787-1A2631C38DA0}.Debug|Any CPU.ActiveCfg = Debug|Any CPU
		{8A166D36-1FB8-49C6-9787-1A2631C38DA0}.Debug|Any CPU.Build.0 = Debug|Any CPU
		{8A166D36-1FB8-49C6-9787-1A2631C38DA0}.Release|Any CPU.ActiveCfg = Release|Any CPU
		{8A166D36-1FB8-49C6-9787-1A2631C38DA0}.Release|Any CPU.Build.0 = Release|Any CPU
	EndGlobalSection
	GlobalSection(SolutionProperties) = preSolution
		HideSolutionNode = FALSE
	EndGlobalSection
	GlobalSection(ExtensibilityGlobals) = postSolution
		SolutionGuid = {44F13945-B070-4879-83A3-6681B3268A57}
	EndGlobalSection
EndGlobal
